{
  "name": "mermaid-js-converter",
  "version": "1.0.0",
  "lockfileVersion": 1,
  "requires": true,
  "dependencies": {
    "folktale": {
      "version": "2.3.2",
      "resolved": "https://registry.npmjs.org/folktale/-/folktale-2.3.2.tgz",
      "integrity": "sha512-+8GbtQBwEqutP0v3uajDDoN64K2ehmHd0cjlghhxh0WpcfPzAIjPA03e1VvHlxL02FVGR0A6lwXsNQKn3H1RNQ=="
    },
    "js-base64": {
      "version": "3.4.5",
      "resolved": "https://registry.npmjs.org/js-base64/-/js-base64-3.4.5.tgz",
      "integrity": "sha512-Ub/AANierdcT8nm4ndBn3KzpZQ3MdHX4a+bwoVdjgeHCZ0ZEcP+UB4nmR4Z5lR6SH3Y+qAPmgVR0RxKJNHNHEg=="
    }
  }
}
